
Microsoft Visual Studio Solution File, Format Version 12.00
# Visual Studio Version 16
VisualStudioVersion = 16.0.29509.3
MinimumVisualStudioVersion = 10.0.40219.1
Project("{2150E333-8FDC-42A3-9474-1A3956D46DE8}") = "Solution Items", "Solution Items", "{D0F10406-C62D-49CE-A369-4CEDB84DC800}"
	ProjectSection(SolutionItems) = preProject
		.editorconfig = .editorconfig
		.gitattributes = .gitattributes
		.gitignore = .gitignore
		Directory.Build.props = Directory.Build.props
		NuGet.config = NuGet.config
		README.md = README.md
	EndProjectSection
EndProject
Project("{2150E333-8FDC-42A3-9474-1A3956D46DE8}") = "GitHub", "GitHub", "{822C85C4-D55D-43B2-8D5D-1B05AC9A99A1}"
	ProjectSection(SolutionItems) = preProject
		.github\continuous-delivery.yml = .github\continuous-delivery.yml
		.github\continuous-integration.yml = .github\continuous-integration.yml
		.github\dependabot.yml = .github\dependabot.yml
		.github\deploy-release.yml = .github\deploy-release.yml
		.github\pull_request_template.md = .github\pull_request_template.md
		.github\regenerate-actions.sh = .github\regenerate-actions.sh
		.github\shared.yml = .github\shared.yml
	EndProjectSection
EndProject
Project("{9A19103F-16F7-4668-BE54-9A1E7A4F7556}") = "UnitTests", "tests\UnitTests\UnitTests.csproj", "{B7286702-244F-49B7-9A81-19BBB2DEBF6D}"
EndProject
Project("{9A19103F-16F7-4668-BE54-9A1E7A4F7556}") = "Verlite.Core", "src\Verlite.Core\Verlite.Core.csproj", "{DCD40A83-1B0B-49F0-A3A7-43773334199A}"
EndProject
Project("{9A19103F-16F7-4668-BE54-9A1E7A4F7556}") = "Verlite.CLI", "src\Verlite.CLI\Verlite.CLI.csproj", "{1505DCF8-176D-4EF2-BFF1-64A740D5E5AE}"
EndProject
Project("{9A19103F-16F7-4668-BE54-9A1E7A4F7556}") = "Verlite.MsBuild", "src\Verlite.MsBuild\Verlite.MsBuild.csproj", "{9E3D4CF9-815D-416A-8362-4499301E7D1F}"
EndProject
Project("{2150E333-8FDC-42A3-9474-1A3956D46DE8}") = "Issue Templates", "Issue Templates", "{C07DC731-56D6-4FD5-89C4-C9DCF9B00749}"
	ProjectSection(SolutionItems) = preProject
		.github\ISSUE_TEMPLATE\Bug.md = .github\ISSUE_TEMPLATE\Bug.md
		.github\ISSUE_TEMPLATE\Feature.md = .github\ISSUE_TEMPLATE\Feature.md
	EndProjectSection
EndProject
Global
	GlobalSection(SolutionConfigurationPlatforms) = preSolution
		Debug|Any CPU = Debug|Any CPU
		Release|Any CPU = Release|Any CPU
	EndGlobalSection
	GlobalSection(ProjectConfigurationPlatforms) = postSolution
		{B7286702-244F-49B7-9A81-19BBB2DEBF6D}.Debug|Any CPU.ActiveCfg = Debug|Any CPU
		{B7286702-244F-49B7-9A81-19BBB2DEBF6D}.Debug|Any CPU.Build.0 = Debug|Any CPU
		{B7286702-244F-49B7-9A81-19BBB2DEBF6D}.Release|Any CPU.ActiveCfg = Release|Any CPU
		{B7286702-244F-49B7-9A81-19BBB2DEBF6D}.Release|Any CPU.Build.0 = Release|Any CPU
		{DCD40A83-1B0B-49F0-A3A7-43773334199A}.Debug|Any CPU.ActiveCfg = Debug|Any CPU
		{DCD40A83-1B0B-49F0-A3A7-43773334199A}.Debug|Any CPU.Build.0 = Debug|Any CPU
		{DCD40A83-1B0B-49F0-A3A7-43773334199A}.Release|Any CPU.ActiveCfg = Release|Any CPU
		{DCD40A83-1B0B-49F0-A3A7-43773334199A}.Release|Any CPU.Build.0 = Release|Any CPU
		{1505DCF8-176D-4EF2-BFF1-64A740D5E5AE}.Debug|Any CPU.ActiveCfg = Debug|Any CPU
		{1505DCF8-176D-4EF2-BFF1-64A740D5E5AE}.Debug|Any CPU.Build.0 = Debug|Any CPU
		{1505DCF8-176D-4EF2-BFF1-64A740D5E5AE}.Release|Any CPU.ActiveCfg = Release|Any CPU
		{1505DCF8-176D-4EF2-BFF1-64A740D5E5AE}.Release|Any CPU.Build.0 = Release|Any CPU
		{9E3D4CF9-815D-416A-8362-4499301E7D1F}.Debug|Any CPU.ActiveCfg = Debug|Any CPU
		{9E3D4CF9-815D-416A-8362-4499301E7D1F}.Debug|Any CPU.Build.0 = Debug|Any CPU
		{9E3D4CF9-815D-416A-8362-4499301E7D1F}.Release|Any CPU.ActiveCfg = Release|Any CPU
		{9E3D4CF9-815D-416A-8362-4499301E7D1F}.Release|Any CPU.Build.0 = Release|Any CPU
	EndGlobalSection
	GlobalSection(SolutionProperties) = preSolution
		HideSolutionNode = FALSE
	EndGlobalSection
	GlobalSection(NestedProjects) = preSolution
		{C07DC731-56D6-4FD5-89C4-C9DCF9B00749} = {822C85C4-D55D-43B2-8D5D-1B05AC9A99A1}
	EndGlobalSection
	GlobalSection(ExtensibilityGlobals) = postSolution
		SolutionGuid = {35E5E150-27F7-4F1B-9ABD-BFA9D2B62698}
	EndGlobalSection
EndGlobal
